{
  "name": "docs",
  "version": "1.0.0",
  "lockfileVersion": 3,
  "requires": true,
  "packages": {
    "": {
      "name": "docs",
      "version": "1.0.0",
      "dependencies": {
        "@langchain/docs-sandbox": "^0.0.20"
      }
    },
    "node_modules/@langchain/docs-sandbox": {
      "version": "0.0.20",
      "resolved": "https://registry.npmjs.org/@langchain/docs-sandbox/-/docs-sandbox-0.0.20.tgz",
      "integrity": "sha512-M84uLFSkS8cweMNe+Kej5tH+G3/RTrCPT0qCGOxNaGYdYgXOBd2d9gxAA1HLBhNeyXXkztY9q6B2O5JcQbdesA==",
      "peerDependencies": {
        "@langchain/playground-preview-protocol": "workspace:*",
        "react": "^18 || ^19",
        "zod": "^4.3.6"
      }
    }
  }
}
