{
  "name": "docs",
  "version": "1.0.0",
  "lockfileVersion": 3,
  "requires": true,
  "packages": {
    "": {
      "name": "docs",
      "version": "1.0.0",
      "dependencies": {
        "@langchain/docs-sandbox": "^0.0.24"
      }
    },
    "node_modules/@langchain/docs-sandbox": {
      "version": "0.0.24",
      "resolved": "https://registry.npmjs.org/@langchain/docs-sandbox/-/docs-sandbox-0.0.24.tgz",
      "integrity": "sha512-Yx0TLfQ7Lm2/TO1rX1V9uhuVIcW1gY3UHmjOZOrFopJgbIKKltzTPQHY2TytKABmVZDoLXQl2oyfEIKoh6uwyg==",
      "peerDependencies": {
        "react": "^18 || ^19",
        "zod": "^4.3.6"
      }
    }
  }
}
